
Microsoft Visual Studio Solution File, Format Version 12.00
# Visual Studio 14
VisualStudioVersion = 14.0.23107.0
MinimumVisualStudioVersion = 10.0.40219.1
Project("{FAE04EC0-301F-11D3-BF4B-00C04F79EFBC}") = "HpSubscriptions", "HpSubscriptions\HpSubscriptions.csproj", "{D139745F-F7BE-477E-BA6E-FF67F441B22A}"
EndProject
Global
	GlobalSection(SolutionConfigurationPlatforms) = preSolution
		Debug|Any CPU = Debug|Any CPU
		Release|Any CPU = Release|Any CPU
	EndGlobalSection
	GlobalSection(ProjectConfigurationPlatforms) = postSolution
		{D139745F-F7BE-477E-BA6E-FF67F441B22A}.Debug|Any CPU.ActiveCfg = Debug|Any CPU
		{D139745F-F7BE-477E-BA6E-FF67F441B22A}.Debug|Any CPU.Build.0 = Debug|Any CPU
		{D139745F-F7BE-477E-BA6E-FF67F441B22A}.Release|Any CPU.ActiveCfg = Release|Any CPU
		{D139745F-F7BE-477E-BA6E-FF67F441B22A}.Release|Any CPU.Build.0 = Release|Any CPU
	EndGlobalSection
	GlobalSection(SolutionProperties) = preSolution
		HideSolutionNode = FALSE
	EndGlobalSection
EndGlobal
